
Microsoft Visual Studio Solution File, Format Version 12.00
# Visual Studio 15
VisualStudioVersion = 15.0.27130.2020
MinimumVisualStudioVersion = 10.0.40219.1
Project("{9A19103F-16F7-4668-BE54-9A1E7A4F7556}") = "Tech_In", "Tech-In\Tech_In.csproj", "{AB88F80D-3FA2-4705-9743-737A3AF2A4AF}"
EndProject
Global
	GlobalSection(SolutionConfigurationPlatforms) = preSolution
		Debug|Any CPU = Debug|Any CPU
		Release|Any CPU = Release|Any CPU
	EndGlobalSection
	GlobalSection(ProjectConfigurationPlatforms) = postSolution
		{AB88F80D-3FA2-4705-9743-737A3AF2A4AF}.Debug|Any CPU.ActiveCfg = Debug|Any CPU
		{AB88F80D-3FA2-4705-9743-737A3AF2A4AF}.Debug|Any CPU.Build.0 = Debug|Any CPU
		{AB88F80D-3FA2-4705-9743-737A3AF2A4AF}.Release|Any CPU.ActiveCfg = Release|Any CPU
		{AB88F80D-3FA2-4705-9743-737A3AF2A4AF}.Release|Any CPU.Build.0 = Release|Any CPU
	EndGlobalSection
	GlobalSection(SolutionProperties) = preSolution
		HideSolutionNode = FALSE
	EndGlobalSection
	GlobalSection(ExtensibilityGlobals) = postSolution
		SolutionGuid = {72877B6A-9624-4393-A848-C136B5C275C8}
	EndGlobalSection
EndGlobal
